
Microsoft Visual Studio Solution File, Format Version 12.00
# Visual Studio 15
VisualStudioVersion = 15.0.27130.2010
MinimumVisualStudioVersion = 10.0.40219.1
Project("{FAE04EC0-301F-11D3-BF4B-00C04F79EFBC}") = "MVCKnockoutDemo", "MVCKnockoutDemo\MVCKnockoutDemo.csproj", "{EB864301-B96F-451F-83A3-EFE3A6FF474E}"
EndProject
Global
	GlobalSection(SolutionConfigurationPlatforms) = preSolution
		Debug|Any CPU = Debug|Any CPU
		Release|Any CPU = Release|Any CPU
	EndGlobalSection
	GlobalSection(ProjectConfigurationPlatforms) = postSolution
		{EB864301-B96F-451F-83A3-EFE3A6FF474E}.Debug|Any CPU.ActiveCfg = Debug|Any CPU
		{EB864301-B96F-451F-83A3-EFE3A6FF474E}.Debug|Any CPU.Build.0 = Debug|Any CPU
		{EB864301-B96F-451F-83A3-EFE3A6FF474E}.Release|Any CPU.ActiveCfg = Release|Any CPU
		{EB864301-B96F-451F-83A3-EFE3A6FF474E}.Release|Any CPU.Build.0 = Release|Any CPU
	EndGlobalSection
	GlobalSection(SolutionProperties) = preSolution
		HideSolutionNode = FALSE
	EndGlobalSection
	GlobalSection(ExtensibilityGlobals) = postSolution
		SolutionGuid = {52351E25-DC67-42EC-B8E5-2E1D18C60C43}
	EndGlobalSection
EndGlobal
